
Microsoft Visual Studio Solution File, Format Version 12.00
# Visual Studio 2012
Project("{8BC9CEB8-8B4A-11D0-8D11-00A0C91BC942}") = "SDL x86 Project", "SDL x86 Project\SDL x86 Project.vcxproj", "{78E699E4-4C5A-4E81-8289-0D68EF7FDA8B}"
EndProject
Global
	GlobalSection(SolutionConfigurationPlatforms) = preSolution
		Debug|Win32 = Debug|Win32
		Release|Win32 = Release|Win32
	EndGlobalSection
	GlobalSection(ProjectConfigurationPlatforms) = postSolution
		{78E699E4-4C5A-4E81-8289-0D68EF7FDA8B}.Debug|Win32.ActiveCfg = Debug|Win32
		{78E699E4-4C5A-4E81-8289-0D68EF7FDA8B}.Debug|Win32.Build.0 = Debug|Win32
		{78E699E4-4C5A-4E81-8289-0D68EF7FDA8B}.Release|Win32.ActiveCfg = Release|Win32
		{78E699E4-4C5A-4E81-8289-0D68EF7FDA8B}.Release|Win32.Build.0 = Release|Win32
	EndGlobalSection
	GlobalSection(SolutionProperties) = preSolution
		HideSolutionNode = FALSE
	EndGlobalSection
EndGlobal
